
Microsoft Visual Studio Solution File, Format Version 12.00
# Visual Studio Version 17
VisualStudioVersion = 17.3.32901.215
MinimumVisualStudioVersion = 10.0.40219.1
Project("{FAE04EC0-301F-11D3-BF4B-00C04F79EFBC}") = "CICD", "CICD.csproj", "{66D6E9F0-74F1-4BE6-A3C5-3B89C0A4A36D}"
EndProject
Global
	GlobalSection(SolutionConfigurationPlatforms) = preSolution
		Debug|Any CPU = Debug|Any CPU
		Release|Any CPU = Release|Any CPU
	EndGlobalSection
	GlobalSection(ProjectConfigurationPlatforms) = postSolution
		{66D6E9F0-74F1-4BE6-A3C5-3B89C0A4A36D}.Debug|Any CPU.ActiveCfg = Debug|Any CPU
		{66D6E9F0-74F1-4BE6-A3C5-3B89C0A4A36D}.Debug|Any CPU.Build.0 = Debug|Any CPU
		{66D6E9F0-74F1-4BE6-A3C5-3B89C0A4A36D}.Release|Any CPU.ActiveCfg = Release|Any CPU
		{66D6E9F0-74F1-4BE6-A3C5-3B89C0A4A36D}.Release|Any CPU.Build.0 = Release|Any CPU
	EndGlobalSection
	GlobalSection(SolutionProperties) = preSolution
		HideSolutionNode = FALSE
	EndGlobalSection
	GlobalSection(ExtensibilityGlobals) = postSolution
		SolutionGuid = {60EFEA34-9EF6-4758-BFCE-60B20DA6248A}
	EndGlobalSection
EndGlobal
